
Microsoft Visual Studio Solution File, Format Version 12.00
# Visual Studio Version 16
VisualStudioVersion = 16.0.31911.196
MinimumVisualStudioVersion = 10.0.40219.1
Project("{FAE04EC0-301F-11D3-BF4B-00C04F79EFBC}") = "SetA.Server", "SetA\Server\SetA.Server.csproj", "{53754FED-7C5C-4A5B-9B76-35059CB6CDFC}"
EndProject
Project("{FAE04EC0-301F-11D3-BF4B-00C04F79EFBC}") = "SetA.Client", "SetA\Client\SetA.Client.csproj", "{4D68C3F7-1937-4512-9341-EDA46AFD70D4}"
EndProject
Project("{FAE04EC0-301F-11D3-BF4B-00C04F79EFBC}") = "SetA.Shared", "SetA\Shared\SetA.Shared.csproj", "{6351BF42-13CD-46F0-B1FB-4E0E98FE6F14}"
EndProject
Global
	GlobalSection(SolutionConfigurationPlatforms) = preSolution
		Debug|Any CPU = Debug|Any CPU
		Release|Any CPU = Release|Any CPU
	EndGlobalSection
	GlobalSection(ProjectConfigurationPlatforms) = postSolution
		{53754FED-7C5C-4A5B-9B76-35059CB6CDFC}.Debug|Any CPU.ActiveCfg = Debug|Any CPU
		{53754FED-7C5C-4A5B-9B76-35059CB6CDFC}.Debug|Any CPU.Build.0 = Debug|Any CPU
		{53754FED-7C5C-4A5B-9B76-35059CB6CDFC}.Release|Any CPU.ActiveCfg = Release|Any CPU
		{53754FED-7C5C-4A5B-9B76-35059CB6CDFC}.Release|Any CPU.Build.0 = Release|Any CPU
		{4D68C3F7-1937-4512-9341-EDA46AFD70D4}.Debug|Any CPU.ActiveCfg = Debug|Any CPU
		{4D68C3F7-1937-4512-9341-EDA46AFD70D4}.Debug|Any CPU.Build.0 = Debug|Any CPU
		{4D68C3F7-1937-4512-9341-EDA46AFD70D4}.Release|Any CPU.ActiveCfg = Release|Any CPU
		{4D68C3F7-1937-4512-9341-EDA46AFD70D4}.Release|Any CPU.Build.0 = Release|Any CPU
		{6351BF42-13CD-46F0-B1FB-4E0E98FE6F14}.Debug|Any CPU.ActiveCfg = Debug|Any CPU
		{6351BF42-13CD-46F0-B1FB-4E0E98FE6F14}.Debug|Any CPU.Build.0 = Debug|Any CPU
		{6351BF42-13CD-46F0-B1FB-4E0E98FE6F14}.Release|Any CPU.ActiveCfg = Release|Any CPU
		{6351BF42-13CD-46F0-B1FB-4E0E98FE6F14}.Release|Any CPU.Build.0 = Release|Any CPU
	EndGlobalSection
	GlobalSection(SolutionProperties) = preSolution
		HideSolutionNode = FALSE
	EndGlobalSection
	GlobalSection(ExtensibilityGlobals) = postSolution
		SolutionGuid = {89E48EC0-C919-47D0-A34D-8FC1918140BA}
	EndGlobalSection
EndGlobal
